Microsoft Visual Studio Solution File, Format Version 12.00
# Visual Studio Version 17
VisualStudioVersion = 17.5.2.0
MinimumVisualStudioVersion = 10.0.40219.1
Project("{FAE04EC0-301F-11D3-BF4B-00C04F79EFBC}") = "OcelotAPIGateway", "OcelotAPIGateway.csproj", "{54B536E7-D281-E84C-121A-3875B36EEF04}"
EndProject
Global
	GlobalSection(SolutionConfigurationPlatforms) = preSolution
		Debug|Any CPU = Debug|Any CPU
		Release|Any CPU = Release|Any CPU
	EndGlobalSection
	GlobalSection(ProjectConfigurationPlatforms) = postSolution
		{54B536E7-D281-E84C-121A-3875B36EEF04}.Debug|Any CPU.ActiveCfg = Debug|Any CPU
		{54B536E7-D281-E84C-121A-3875B36EEF04}.Debug|Any CPU.Build.0 = Debug|Any CPU
		{54B536E7-D281-E84C-121A-3875B36EEF04}.Release|Any CPU.ActiveCfg = Release|Any CPU
		{54B536E7-D281-E84C-121A-3875B36EEF04}.Release|Any CPU.Build.0 = Release|Any CPU
	EndGlobalSection
	GlobalSection(SolutionProperties) = preSolution
		HideSolutionNode = FALSE
	EndGlobalSection
	GlobalSection(ExtensibilityGlobals) = postSolution
		SolutionGuid = {19610C85-B90C-4CE8-A1D5-2F97D62464BB}
	EndGlobalSection
EndGlobal
